
Microsoft Visual Studio Solution File, Format Version 12.00
# Visual Studio Version 17
VisualStudioVersion = 17.1.32210.238
MinimumVisualStudioVersion = 10.0.40219.1
Project("{8BC9CEB8-8B4A-11D0-8D11-00A0C91BC942}") = "AppWithSDLTemplate", "AppWithSDLTemplate\AppWithSDLTemplate.vcxproj", "{9E0D94C5-B450-425A-AF88-DF1D69CCDF7B}"
EndProject
Project("{8BC9CEB8-8B4A-11D0-8D11-00A0C91BC942}") = "AppTemplate", "AppTemplate\AppTemplate.vcxproj", "{AFA80532-D1DE-41B5-878C-288914652DC7}"
EndProject
Global
	GlobalSection(SolutionConfigurationPlatforms) = preSolution
		Debug|x64 = Debug|x64
		Debug|x86 = Debug|x86
		Release|x64 = Release|x64
		Release|x86 = Release|x86
	EndGlobalSection
	GlobalSection(ProjectConfigurationPlatforms) = postSolution
		{9E0D94C5-B450-425A-AF88-DF1D69CCDF7B}.Debug|x64.ActiveCfg = Debug|x64
		{9E0D94C5-B450-425A-AF88-DF1D69CCDF7B}.Debug|x64.Build.0 = Debug|x64
		{9E0D94C5-B450-425A-AF88-DF1D69CCDF7B}.Debug|x86.ActiveCfg = Debug|Win32
		{9E0D94C5-B450-425A-AF88-DF1D69CCDF7B}.Debug|x86.Build.0 = Debug|Win32
		{9E0D94C5-B450-425A-AF88-DF1D69CCDF7B}.Release|x64.ActiveCfg = Release|x64
		{9E0D94C5-B450-425A-AF88-DF1D69CCDF7B}.Release|x64.Build.0 = Release|x64
		{9E0D94C5-B450-425A-AF88-DF1D69CCDF7B}.Release|x86.ActiveCfg = Release|Win32
		{9E0D94C5-B450-425A-AF88-DF1D69CCDF7B}.Release|x86.Build.0 = Release|Win32
		{AFA80532-D1DE-41B5-878C-288914652DC7}.Debug|x64.ActiveCfg = Debug|x64
		{AFA80532-D1DE-41B5-878C-288914652DC7}.Debug|x64.Build.0 = Debug|x64
		{AFA80532-D1DE-41B5-878C-288914652DC7}.Debug|x86.ActiveCfg = Debug|Win32
		{AFA80532-D1DE-41B5-878C-288914652DC7}.Debug|x86.Build.0 = Debug|Win32
		{AFA80532-D1DE-41B5-878C-288914652DC7}.Release|x64.ActiveCfg = Release|x64
		{AFA80532-D1DE-41B5-878C-288914652DC7}.Release|x64.Build.0 = Release|x64
		{AFA80532-D1DE-41B5-878C-288914652DC7}.Release|x86.ActiveCfg = Release|Win32
		{AFA80532-D1DE-41B5-878C-288914652DC7}.Release|x86.Build.0 = Release|Win32
	EndGlobalSection
	GlobalSection(SolutionProperties) = preSolution
		HideSolutionNode = FALSE
	EndGlobalSection
	GlobalSection(ExtensibilityGlobals) = postSolution
		SolutionGuid = {C3A96745-6EE3-4694-8FB8-8D812E9EAE6A}
	EndGlobalSection
EndGlobal
